
Microsoft Visual Studio Solution File, Format Version 12.00
# Visual Studio Version 16
VisualStudioVersion = 16.0.31829.152
MinimumVisualStudioVersion = 10.0.40219.1
Project("{FAE04EC0-301F-11D3-BF4B-00C04F79EFBC}") = "Lab13", "Lab13\Lab13.csproj", "{BA8A4E3B-5411-404D-9B3C-2BC480D61138}"
EndProject
Global
	GlobalSection(SolutionConfigurationPlatforms) = preSolution
		Debug|Any CPU = Debug|Any CPU
		Release|Any CPU = Release|Any CPU
	EndGlobalSection
	GlobalSection(ProjectConfigurationPlatforms) = postSolution
		{BA8A4E3B-5411-404D-9B3C-2BC480D61138}.Debug|Any CPU.ActiveCfg = Debug|Any CPU
		{BA8A4E3B-5411-404D-9B3C-2BC480D61138}.Debug|Any CPU.Build.0 = Debug|Any CPU
		{BA8A4E3B-5411-404D-9B3C-2BC480D61138}.Release|Any CPU.ActiveCfg = Release|Any CPU
		{BA8A4E3B-5411-404D-9B3C-2BC480D61138}.Release|Any CPU.Build.0 = Release|Any CPU
	EndGlobalSection
	GlobalSection(SolutionProperties) = preSolution
		HideSolutionNode = FALSE
	EndGlobalSection
	GlobalSection(ExtensibilityGlobals) = postSolution
		SolutionGuid = {C5EB0307-47F3-42DF-9290-C7EA84345B43}
	EndGlobalSection
EndGlobal
